{
    "name": "store",
    "lockfileVersion": 2,
    "requires": true,
    "packages": {
        "": {
            "name": "store",
            "peerDependencies": {
                "hook": "git+ssh://git@git.itim.vn:ads-frontend/hook.git"
            }
        },
        "node_modules/hook": {
            "version": "1.0.0",
            "resolved": "git+ssh://git@git.itim.vn:ads-frontend/hook.git#584428782c15edc1dee960e2f677fa098e627e8e",
            "license": "MIT",
            "peer": true
        }
    },
    "dependencies": {
        "hook": {
            "version": "git+ssh://git@git.itim.vn:ads-frontend/hook.git#584428782c15edc1dee960e2f677fa098e627e8e",
            "from": "hook@git+ssh://git@git.itim.vn:ads-frontend/hook.git",
            "peer": true
        }
    }
}
